// !$*UTF8*$!
{
	archiveVersion = 1;
	classes = {
	};
	objectVersion = 77;
	objects = {

/* Begin PBXBuildFile section */
		00EA5D8E5F8F03B36E3A3E3B /* APIService.swift in Sources */ = {isa = PBXBuildFile; fileRef = D8BCDA8EFABB9D55ADB76C1A /* APIService.swift */; };
		0918B0D23723D7EB3D001017 /* pack-c707ca3a4a4b6ff5a8beeef3b94fae8842a400cb.idx in Resources */ = {isa = PBXBuildFile; fileRef = 9E31564BC3B5B23873A146F2 /* pack-c707ca3a4a4b6ff5a8beeef3b94fae8842a400cb.idx */; };
		104958F08A8F27FFF377F21E /* commit-msg.sample in Resources */ = {isa = PBXBuildFile; fileRef = 34757640CB0272C01B13B3EA /* commit-msg.sample */; };
		1243C0C9EA25146DB397D87A /* pack-c707ca3a4a4b6ff5a8beeef3b94fae8842a400cb.pack in Resources */ = {isa = PBXBuildFile; fileRef = 8DE4D85AB1AC9F08AFAE8DEA /* pack-c707ca3a4a4b6ff5a8beeef3b94fae8842a400cb.pack */; };
		158AFE707685537C731ED081 /* NetworkService.swift in Sources */ = {isa = PBXBuildFile; fileRef = D9AA8E89C3C77C0B474E39A5 /* NetworkService.swift */; };
		15D714A0543FA5F23EA127A3 /* LoadingView.swift in Sources */ = {isa = PBXBuildFile; fileRef = DD0B78332B785552F5646E1D /* LoadingView.swift */; };
		213A4F8896056D4A38CE9871 /* applypatch-msg.sample in Resources */ = {isa = PBXBuildFile; fileRef = 113E6E723C3BF5BC6A8831AB /* applypatch-msg.sample */; };
		29CA193DD1C601683768B2C6 /* HomeView.swift in Sources */ = {isa = PBXBuildFile; fileRef = 2E1500A25E5BD68FA014D9C9 /* HomeView.swift */; };
		2A1E8DF6F1877E88C50E884E /* pre-rebase.sample in Resources */ = {isa = PBXBuildFile; fileRef = 3AF3EF1220B91DD9884707A8 /* pre-rebase.sample */; };
		2A329362654B371A8BA88905 /* DigitalIDApp.swift in Sources */ = {isa = PBXBuildFile; fileRef = 0BCE788645FBC59C01980A1F /* DigitalIDApp.swift */; };
		2CB5D47A934839A57FF7FE2E /* LicenceHelpers.swift in Sources */ = {isa = PBXBuildFile; fileRef = F0AC01AB8BDFFE8539C29CEF /* LicenceHelpers.swift */; };
		32F9E55322DDEF318EAC2A53 /* pre-applypatch.sample in Resources */ = {isa = PBXBuildFile; fileRef = D6F569A059526CDA3AFB9D6D /* pre-applypatch.sample */; };
		33FAA1EA383820FC95199D92 /* fsmonitor-watchman.sample in Resources */ = {isa = PBXBuildFile; fileRef = 6D9185E0C8AD543AF7BAE913 /* fsmonitor-watchman.sample */; };
		35B2CD4AE0EE7BD1CC62363B /* push-to-checkout.sample in Resources */ = {isa = PBXBuildFile; fileRef = D5B3AC5FC1CE01DA146D0259 /* push-to-checkout.sample */; };
		36F1025E9C27B266A34C0666 /* Assets.xcassets in Resources */ = {isa = PBXBuildFile; fileRef = 76A9E1BAAF66A9C3AB30401B /* Assets.xcassets */; };
		39329BB921A2D20C8A1DDD36 /* LayoutConstants.swift in Sources */ = {isa = PBXBuildFile; fileRef = 4A01C480123CD6CFB4C853E2 /* LayoutConstants.swift */; };
		486A56F904BFFD122BEE0E02 /* vicroads_logo_verify.png in Resources */ = {isa = PBXBuildFile; fileRef = 3D2A4D28E1E1F4C3F665E965 /* vicroads_logo_verify.png */; };
		49DDFD387A92CE512FDE61FB /* pre-commit.sample in Resources */ = {isa = PBXBuildFile; fileRef = 8CA856472CCDCEAEB346FEE9 /* pre-commit.sample */; };
		57E8F639B307F89DF6DD17F4 /* vicroads_logo_verify.webp in Resources */ = {isa = PBXBuildFile; fileRef = FD6DBDFA4E8ED1C92C5E782B /* vicroads_logo_verify.webp */; };
		58212D76D8003381E8DAAFC8 /* LicenceView.swift in Sources */ = {isa = PBXBuildFile; fileRef = 6F1397C3A820D84108380196 /* LicenceView.swift */; };
		58D6832889BC9E6F4161FBFE /* floral_bgro_w.png in Resources */ = {isa = PBXBuildFile; fileRef = 0733DA0E37161A165045EE1C /* floral_bgro_w.png */; };
		5D88E37FF8D488FC3FCED1DC /* update.sample in Resources */ = {isa = PBXBuildFile; fileRef = EFD4001A061DFD18F72301BB /* update.sample */; };
		5E2450735F27D16FB91C9F56 /* pre-receive.sample in Resources */ = {isa = PBXBuildFile; fileRef = 1E895FBB6CB8AEEBF06E628C /* pre-receive.sample */; };
		5E29AD128224D119A2818F05 /* LicenceViewModel.swift in Sources */ = {isa = PBXBuildFile; fileRef = 19E2B2075FBBB248107E8CC8 /* LicenceViewModel.swift */; };
		5E3F83CA25F96A09B5DB662E /* IdentityWizardView.swift in Sources */ = {isa = PBXBuildFile; fileRef = 5BE959906FCFAB9047466629 /* IdentityWizardView.swift */; };
		62C1758BF7D83B8BD19DABBF /* ic_launcher_foreground.png in Resources */ = {isa = PBXBuildFile; fileRef = 37C9FA0A5FD61EBC67009917 /* ic_launcher_foreground.png */; };
		6D9E5220531D712192F7B8DF /* SecureStorage.swift in Sources */ = {isa = PBXBuildFile; fileRef = CFD0BFF3C289E467ED8AF714 /* SecureStorage.swift */; };
		6ED59A02570F60C046B0B5CF /* CustomTabBar.swift in Sources */ = {isa = PBXBuildFile; fileRef = FA4F59FC0020B32ACCC4679F /* CustomTabBar.swift */; };
		73F78B5C4AC644760B52DC24 /* vic_coat_of_arms.webp in Resources */ = {isa = PBXBuildFile; fileRef = 4A79677B17E7002967DD7475 /* vic_coat_of_arms.webp */; };
		746332552372005FFE91ACA8 /* post-update.sample in Resources */ = {isa = PBXBuildFile; fileRef = DBFD2D48CB18F734A5611BFB /* post-update.sample */; };
		77962AA885490C0CB078AC0D /* FontManager.swift in Sources */ = {isa = PBXBuildFile; fileRef = DBD9D4880E43741ADFD6D6B0 /* FontManager.swift */; };
		79C3DD3EC5D36C1D63816D44 /* mockup_bar.png in Resources */ = {isa = PBXBuildFile; fileRef = 27FCE07DF63E5D14B42C4A2C /* mockup_bar.png */; };
		7B4D679D30AFD11CD9823E83 /* FontExtensions.swift in Sources */ = {isa = PBXBuildFile; fileRef = 5FA5676991A6B02546F75DAF /* FontExtensions.swift */; };
		7C50F3BCB75240F4A3FCF1AF /* vic_medium.otf in Resources */ = {isa = PBXBuildFile; fileRef = E39BD7275BDD882EE68EDD93 /* vic_medium.otf */; };
		7F9231E8008C1F71ED520064 /* extracted_car.png in Resources */ = {isa = PBXBuildFile; fileRef = D45A0BED87CC7B80E4DAFA56 /* extracted_car.png */; };
		817AAE45803A6CED46F397C6 /* LicenceDetailsFullView.swift in Sources */ = {isa = PBXBuildFile; fileRef = 3374390A40D19759D0AC3B0C /* LicenceDetailsFullView.swift */; };
		8CE02FF11EAD8E9E739E412C /* VicRoadsIcons.swift in Sources */ = {isa = PBXBuildFile; fileRef = 22A96435779CC0ACF9311B7E /* VicRoadsIcons.swift */; };
		96E0DA496F1C6F10B9530666 /* floral_bgro_w.webp in Resources */ = {isa = PBXBuildFile; fileRef = A8B0F541AF078B868CB428DE /* floral_bgro_w.webp */; };
		A07E52A09F5D8EEBAA980006 /* HomeViewModel.swift in Sources */ = {isa = PBXBuildFile; fileRef = 225B03F4FBA48CCE6A6F6F39 /* HomeViewModel.swift */; };
		B0652B3D0BFC2AE70AE51BE0 /* pre-push.sample in Resources */ = {isa = PBXBuildFile; fileRef = 7AEBEFED2CB0EB7583234EC4 /* pre-push.sample */; };
		BFAC0A40BFDC6ED7C269AB17 /* vic_semibold.otf in Resources */ = {isa = PBXBuildFile; fileRef = 1BFDB9D1827E8B613679083A /* vic_semibold.otf */; };
		C135AED8C23D65C21C9B402D /* notification_oversize_large_icon_bg.png in Resources */ = {isa = PBXBuildFile; fileRef = 6D54BDACEF22194F75884B59 /* notification_oversize_large_icon_bg.png */; };
		C5C7126CE56C48D71174B9DB /* ProfileView.swift in Sources */ = {isa = PBXBuildFile; fileRef = 142CFD04E61A9ABE4B555FD2 /* ProfileView.swift */; };
		CDA2A49E1261C15392CF8EA9 /* pre-merge-commit.sample in Resources */ = {isa = PBXBuildFile; fileRef = 61E3D12A7C65CBEDBD639599 /* pre-merge-commit.sample */; };
		D859655C718DA47292039872 /* vic_coat_of_arms.png in Resources */ = {isa = PBXBuildFile; fileRef = 3627FEC3B78CCAC798FE7535 /* vic_coat_of_arms.png */; };
		DA1DF3FB4A9EE07EDBF44DD0 /* IdentityProfile.swift in Sources */ = {isa = PBXBuildFile; fileRef = 8B055354444805A5D9A7E727 /* IdentityProfile.swift */; };
		E806B028539E6D7C4B68D6FD /* prepare-commit-msg.sample in Resources */ = {isa = PBXBuildFile; fileRef = D0B9FBB4CB5AC72EF455BB58 /* prepare-commit-msg.sample */; };
		E9C664B4F0951C967813EF73 /* vic_regular.otf in Resources */ = {isa = PBXBuildFile; fileRef = 77E98BCB37CB72647F26C6EE /* vic_regular.otf */; };
		EA6F23FFCD3B7120202C038D /* LoginView.swift in Sources */ = {isa = PBXBuildFile; fileRef = DF29CCCD1A40786F32AE7BAA /* LoginView.swift */; };
/* End PBXBuildFile section */

/* Begin PBXFileReference section */
		00382FCB1545F0F42DAD3E98 /* b2d06428623df35f3358344bb993afb12fc7cb */ = {isa = PBXFileReference; path = b2d06428623df35f3358344bb993afb12fc7cb; sourceTree = "<group>"; };
		00D9B281C591D4D63F725D89 /* e89a0df43a1701c99d875be4d4af240a359514 */ = {isa = PBXFileReference; path = e89a0df43a1701c99d875be4d4af240a359514; sourceTree = "<group>"; };
		02E103D114B445D06804F004 /* aa4a8049d2d0c4e34175f8e64f5a34898a94b7 */ = {isa = PBXFileReference; path = aa4a8049d2d0c4e34175f8e64f5a34898a94b7; sourceTree = "<group>"; };
		0517D63FC91A437B23488E05 /* c577333ebc04cef8cb467219ea43a7a81b8e3f */ = {isa = PBXFileReference; path = c577333ebc04cef8cb467219ea43a7a81b8e3f; sourceTree = "<group>"; };
		0733DA0E37161A165045EE1C /* floral_bgro_w.png */ = {isa = PBXFileReference; lastKnownFileType = image.png; path = floral_bgro_w.png; sourceTree = "<group>"; };
		0BCE788645FBC59C01980A1F /* DigitalIDApp.swift */ = {isa = PBXFileReference; lastKnownFileType = sourcecode.swift; path = DigitalIDApp.swift; sourceTree = "<group>"; };
		0EF6C80707DC5BB2044A551F /* 04fca94b973521f80f1803a4b235fea5fd8837 */ = {isa = PBXFileReference; path = 04fca94b973521f80f1803a4b235fea5fd8837; sourceTree = "<group>"; };
		113E6E723C3BF5BC6A8831AB /* applypatch-msg.sample */ = {isa = PBXFileReference; path = "applypatch-msg.sample"; sourceTree = "<group>"; };
		1262BEDB18A0CA00D8A4AB6D /* 1cb733b9a71f927e3fd4512c222a98df990900 */ = {isa = PBXFileReference; path = 1cb733b9a71f927e3fd4512c222a98df990900; sourceTree = "<group>"; };
		142CFD04E61A9ABE4B555FD2 /* ProfileView.swift */ = {isa = PBXFileReference; lastKnownFileType = sourcecode.swift; path = ProfileView.swift; sourceTree = "<group>"; };
		181A71E420D611C31106BA55 /* c01ede5294c19335cfca8c7f3f06f7b641cf32 */ = {isa = PBXFileReference; path = c01ede5294c19335cfca8c7f3f06f7b641cf32; sourceTree = "<group>"; };
		1934C3F222A555D094809D5E /* 58bc017d348b7467ba1caf42acfdabd27989bc */ = {isa = PBXFileReference; path = 58bc017d348b7467ba1caf42acfdabd27989bc; sourceTree = "<group>"; };
		19E2B2075FBBB248107E8CC8 /* LicenceViewModel.swift */ = {isa = PBXFileReference; lastKnownFileType = sourcecode.swift; path = LicenceViewModel.swift; sourceTree = "<group>"; };
		1AA51E160EB3028728538413 /* beb02020cf2e2a2a59a63a58f58e0bc820a7f1 */ = {isa = PBXFileReference; path = beb02020cf2e2a2a59a63a58f58e0bc820a7f1; sourceTree = "<group>"; };
		1BFDB9D1827E8B613679083A /* vic_semibold.otf */ = {isa = PBXFileReference; lastKnownFileType = file; path = vic_semibold.otf; sourceTree = "<group>"; };
		1E2600756587023D8DD215E8 /* 624c67594e76eebcd2289a65c86eca67a9bb54 */ = {isa = PBXFileReference; path = 624c67594e76eebcd2289a65c86eca67a9bb54; sourceTree = "<group>"; };
		1E895FBB6CB8AEEBF06E628C /* pre-receive.sample */ = {isa = PBXFileReference; path = "pre-receive.sample"; sourceTree = "<group>"; };
		21F80203FE48837620AB0066 /* 2a3f8a938c79ec8fae7d3b73153ca8412cd7b3 */ = {isa = PBXFileReference; path = 2a3f8a938c79ec8fae7d3b73153ca8412cd7b3; sourceTree = "<group>"; };
		225B03F4FBA48CCE6A6F6F39 /* HomeViewModel.swift */ = {isa = PBXFileReference; lastKnownFileType = sourcecode.swift; path = HomeViewModel.swift; sourceTree = "<group>"; };
		22A96435779CC0ACF9311B7E /* VicRoadsIcons.swift */ = {isa = PBXFileReference; lastKnownFileType = sourcecode.swift; path = VicRoadsIcons.swift; sourceTree = "<group>"; };
		27FCE07DF63E5D14B42C4A2C /* mockup_bar.png */ = {isa = PBXFileReference; lastKnownFileType = image.png; path = mockup_bar.png; sourceTree = "<group>"; };
		2E1500A25E5BD68FA014D9C9 /* HomeView.swift */ = {isa = PBXFileReference; lastKnownFileType = sourcecode.swift; path = HomeView.swift; sourceTree = "<group>"; };
		3374390A40D19759D0AC3B0C /* LicenceDetailsFullView.swift */ = {isa = PBXFileReference; lastKnownFileType = sourcecode.swift; path = LicenceDetailsFullView.swift; sourceTree = "<group>"; };
		33C26B2E54B7AEEC249D6D34 /* f2d98b34841c5c6824bd0b7018b8bf30f0feb9 */ = {isa = PBXFileReference; path = f2d98b34841c5c6824bd0b7018b8bf30f0feb9; sourceTree = "<group>"; };
		34757640CB0272C01B13B3EA /* commit-msg.sample */ = {isa = PBXFileReference; path = "commit-msg.sample"; sourceTree = "<group>"; };
		3627FEC3B78CCAC798FE7535 /* vic_coat_of_arms.png */ = {isa = PBXFileReference; lastKnownFileType = image.png; path = vic_coat_of_arms.png; sourceTree = "<group>"; };
		36ECF56E857C079364DD4EB5 /* cb663d4f76da8a7ec2a69ab4cfdcbd5a783fd7 */ = {isa = PBXFileReference; path = cb663d4f76da8a7ec2a69ab4cfdcbd5a783fd7; sourceTree = "<group>"; };
		375DF48807FDFC30747BA33B /* 43f7b20429f9e070c14717d9b03e35f6ee75fe */ = {isa = PBXFileReference; path = 43f7b20429f9e070c14717d9b03e35f6ee75fe; sourceTree = "<group>"; };
		37C9FA0A5FD61EBC67009917 /* ic_launcher_foreground.png */ = {isa = PBXFileReference; lastKnownFileType = image.png; path = ic_launcher_foreground.png; sourceTree = "<group>"; };
		3AF3EF1220B91DD9884707A8 /* pre-rebase.sample */ = {isa = PBXFileReference; path = "pre-rebase.sample"; sourceTree = "<group>"; };
		3B48CAFD8670467896CA978D /* main */ = {isa = PBXFileReference; path = main; sourceTree = "<group>"; };
		3D2A4D28E1E1F4C3F665E965 /* vicroads_logo_verify.png */ = {isa = PBXFileReference; lastKnownFileType = image.png; path = vicroads_logo_verify.png; sourceTree = "<group>"; };
		3E50A6692330F7549A0A4284 /* 18f20c72a94e31207a61e5da1e64a23d8b8d60 */ = {isa = PBXFileReference; path = 18f20c72a94e31207a61e5da1e64a23d8b8d60; sourceTree = "<group>"; };
		40E2265BCFF2367FB9181416 /* 1a6c9d9c934bcfdca636465239408110b4053e */ = {isa = PBXFileReference; path = 1a6c9d9c934bcfdca636465239408110b4053e; sourceTree = "<group>"; };
		46BA2163883CA2A1F9B15F73 /* d396bf468efd048cf4e5ef3a84b45b59c86b42 */ = {isa = PBXFileReference; path = d396bf468efd048cf4e5ef3a84b45b59c86b42; sourceTree = "<group>"; };
		476E5A7B66B3F96C127B7B6F /* 8e6ea8d72a15eb033b9cefe3bf517605ec3f05 */ = {isa = PBXFileReference; path = 8e6ea8d72a15eb033b9cefe3bf517605ec3f05; sourceTree = "<group>"; };
		4A01C480123CD6CFB4C853E2 /* LayoutConstants.swift */ = {isa = PBXFileReference; lastKnownFileType = sourcecode.swift; path = LayoutConstants.swift; sourceTree = "<group>"; };
		4A79677B17E7002967DD7475 /* vic_coat_of_arms.webp */ = {isa = PBXFileReference; path = vic_coat_of_arms.webp; sourceTree = "<group>"; };
		4A7C3D29629D1473A95CA771 /* 331c0e8eaa6bb3b71cf99f56f45049e5342a60 */ = {isa = PBXFileReference; path = 331c0e8eaa6bb3b71cf99f56f45049e5342a60; sourceTree = "<group>"; };
		4AA43F1DCF7E8843FD38D4D7 /* refs */ = {isa = PBXFileReference; path = refs; sourceTree = "<group>"; };
		4DAF58922F05EAFF859D9A6D /* main */ = {isa = PBXFileReference; path = main; sourceTree = "<group>"; };
		4F775AF951BFE4945C5621A8 /* Info.plist */ = {isa = PBXFileReference; lastKnownFileType = text.plist; path = Info.plist; sourceTree = "<group>"; };
		4F8082524C57F441BD49A2E6 /* packed-refs */ = {isa = PBXFileReference; path = "packed-refs"; sourceTree = "<group>"; };
		501D42F41E9D201EFFBC26C6 /* 9533ef25d33633d3608ec9ec32c9895e4ce4c8 */ = {isa = PBXFileReference; path = 9533ef25d33633d3608ec9ec32c9895e4ce4c8; sourceTree = "<group>"; };
		5BE959906FCFAB9047466629 /* IdentityWizardView.swift */ = {isa = PBXFileReference; lastKnownFileType = sourcecode.swift; path = IdentityWizardView.swift; sourceTree = "<group>"; };
		5FA5676991A6B02546F75DAF /* FontExtensions.swift */ = {isa = PBXFileReference; lastKnownFileType = sourcecode.swift; path = FontExtensions.swift; sourceTree = "<group>"; };
		609B78F7FF29C5286D208755 /* 9cc45cbcc3e77a2cacb189fddbcb18234a51dc */ = {isa = PBXFileReference; path = 9cc45cbcc3e77a2cacb189fddbcb18234a51dc; sourceTree = "<group>"; };
		618B83E61A68A3E77313DCC4 /* 05b1dfee043926249835b0900f4d668e3de0a7 */ = {isa = PBXFileReference; path = 05b1dfee043926249835b0900f4d668e3de0a7; sourceTree = "<group>"; };
		61E3D12A7C65CBEDBD639599 /* pre-merge-commit.sample */ = {isa = PBXFileReference; path = "pre-merge-commit.sample"; sourceTree = "<group>"; };
		65DB07261F7FF59913A73A7F /* 0a210d07f75e31f49b8ae448c58975caa8fec4 */ = {isa = PBXFileReference; path = 0a210d07f75e31f49b8ae448c58975caa8fec4; sourceTree = "<group>"; };
		6D54BDACEF22194F75884B59 /* notification_oversize_large_icon_bg.png */ = {isa = PBXFileReference; lastKnownFileType = image.png; path = notification_oversize_large_icon_bg.png; sourceTree = "<group>"; };
		6D5B8B0B035D56982F565B52 /* .gitignore */ = {isa = PBXFileReference; path = .gitignore; sourceTree = "<group>"; };
		6D9185E0C8AD543AF7BAE913 /* fsmonitor-watchman.sample */ = {isa = PBXFileReference; path = "fsmonitor-watchman.sample"; sourceTree = "<group>"; };
		6F1397C3A820D84108380196 /* LicenceView.swift */ = {isa = PBXFileReference; lastKnownFileType = sourcecode.swift; path = LicenceView.swift; sourceTree = "<group>"; };
		7193941FF6451F20C799C8FA /* config */ = {isa = PBXFileReference; path = config; sourceTree = "<group>"; };
		72C515C4B1418445387B2294 /* 7cb8151de5752fbdb1960c678571db6e482d07 */ = {isa = PBXFileReference; path = 7cb8151de5752fbdb1960c678571db6e482d07; sourceTree = "<group>"; };
		72D54E2930A8C8684442D1B9 /* 644ec732ba4a9bf3c4d3f2289ff37b90b38370 */ = {isa = PBXFileReference; path = 644ec732ba4a9bf3c4d3f2289ff37b90b38370; sourceTree = "<group>"; };
		730748B8E4222DD3EB70414F /* 3b27b358c50518476feebc351284694b251388 */ = {isa = PBXFileReference; path = 3b27b358c50518476feebc351284694b251388; sourceTree = "<group>"; };
		730AD4CF2AFA7BCC09F58B5A /* c2da30c50bf5c59f8eb238c27a99bee7b4964b */ = {isa = PBXFileReference; path = c2da30c50bf5c59f8eb238c27a99bee7b4964b; sourceTree = "<group>"; };
		76A9E1BAAF66A9C3AB30401B /* Assets.xcassets */ = {isa = PBXFileReference; lastKnownFileType = folder.assetcatalog; path = Assets.xcassets; sourceTree = "<group>"; };
		77E98BCB37CB72647F26C6EE /* vic_regular.otf */ = {isa = PBXFileReference; lastKnownFileType = file; path = vic_regular.otf; sourceTree = "<group>"; };
		7AEBEFED2CB0EB7583234EC4 /* pre-push.sample */ = {isa = PBXFileReference; path = "pre-push.sample"; sourceTree = "<group>"; };
		7E6729E4C7206751727D6003 /* 76ff2e6daf4f8edaf768cafd6841e1d0a369c9 */ = {isa = PBXFileReference; path = 76ff2e6daf4f8edaf768cafd6841e1d0a369c9; sourceTree = "<group>"; };
		7F6D7A8C47A1F9A985145939 /* 6d2cf02d90d524a863d9e542bad6ab37f96406 */ = {isa = PBXFileReference; path = 6d2cf02d90d524a863d9e542bad6ab37f96406; sourceTree = "<group>"; };
		7FB7391348D787DF17B70BEA /* commit-graph */ = {isa = PBXFileReference; path = "commit-graph"; sourceTree = "<group>"; };
		81DD88B6CFC6B327622B3700 /* 0333495d87f707c409a85ab0eaa949fd03442a */ = {isa = PBXFileReference; path = 0333495d87f707c409a85ab0eaa949fd03442a; sourceTree = "<group>"; };
		8348356F614FF4BF930CA6EB /* 218855a06862d48ffdcc4321e222a683d3062e */ = {isa = PBXFileReference; path = 218855a06862d48ffdcc4321e222a683d3062e; sourceTree = "<group>"; };
		8B055354444805A5D9A7E727 /* IdentityProfile.swift */ = {isa = PBXFileReference; lastKnownFileType = sourcecode.swift; path = IdentityProfile.swift; sourceTree = "<group>"; };
		8CA856472CCDCEAEB346FEE9 /* pre-commit.sample */ = {isa = PBXFileReference; path = "pre-commit.sample"; sourceTree = "<group>"; };
		8DE4D85AB1AC9F08AFAE8DEA /* pack-c707ca3a4a4b6ff5a8beeef3b94fae8842a400cb.pack */ = {isa = PBXFileReference; path = "pack-c707ca3a4a4b6ff5a8beeef3b94fae8842a400cb.pack"; sourceTree = "<group>"; };
		90E1E4DA79C6C38F738D63EB /* DigitalID.app */ = {isa = PBXFileReference; includeInIndex = 0; lastKnownFileType = wrapper.application; path = DigitalID.app; sourceTree = BUILT_PRODUCTS_DIR; };
		918B2B80AC3A646D461CF4AD /* a7a4edb1336708b5816260f30b5b27025b8fa7 */ = {isa = PBXFileReference; path = a7a4edb1336708b5816260f30b5b27025b8fa7; sourceTree = "<group>"; };
		9DA342BD935E59820FDB95A0 /* c646da186c3edd54c6ce116aebeb9e5103cf63 */ = {isa = PBXFileReference; path = c646da186c3edd54c6ce116aebeb9e5103cf63; sourceTree = "<group>"; };
		9E31564BC3B5B23873A146F2 /* pack-c707ca3a4a4b6ff5a8beeef3b94fae8842a400cb.idx */ = {isa = PBXFileReference; path = "pack-c707ca3a4a4b6ff5a8beeef3b94fae8842a400cb.idx"; sourceTree = "<group>"; };
		9F2C4C10695E6E06799F2A3B /* exclude */ = {isa = PBXFileReference; path = exclude; sourceTree = "<group>"; };
		9FDC85F0F962A3C07CC52C9E /* 18d097fe6f6cbf5e60449eb41dc2369bdf13ef */ = {isa = PBXFileReference; path = 18d097fe6f6cbf5e60449eb41dc2369bdf13ef; sourceTree = "<group>"; };
		9FEF7002C221EE469E048945 /* e6c25ef844e22344a03c1a8ae6f8f17d7dadd2 */ = {isa = PBXFileReference; path = e6c25ef844e22344a03c1a8ae6f8f17d7dadd2; sourceTree = "<group>"; };
		A17B4CF324042E1188AC0930 /* 4d6bebeb32b816f91349ee7954d1f2450d19cc */ = {isa = PBXFileReference; path = 4d6bebeb32b816f91349ee7954d1f2450d19cc; sourceTree = "<group>"; };
		A5919A94C32D534D79F7DDDA /* 6b606df49c4b64c9267d3159292a725067c9e2 */ = {isa = PBXFileReference; path = 6b606df49c4b64c9267d3159292a725067c9e2; sourceTree = "<group>"; };
		A67F03E2A6662B610E7E5661 /* 0016c7d1300eff4333192f611c29cbaacd3a9a */ = {isa = PBXFileReference; path = 0016c7d1300eff4333192f611c29cbaacd3a9a; sourceTree = "<group>"; };
		A8B0F541AF078B868CB428DE /* floral_bgro_w.webp */ = {isa = PBXFileReference; path = floral_bgro_w.webp; sourceTree = "<group>"; };
		A9069876904CE53AF00AEDB3 /* COMMIT_EDITMSG */ = {isa = PBXFileReference; path = COMMIT_EDITMSG; sourceTree = "<group>"; };
		AF14BCF5AD2982562CA9E4A5 /* main */ = {isa = PBXFileReference; path = main; sourceTree = "<group>"; };
		AF61A6060F4F8C6146D7D48D /* HEAD */ = {isa = PBXFileReference; path = HEAD; sourceTree = "<group>"; };
		B5E2E655FA0C23C7C48375FE /* a37a659098435f90438604a0c2c12d08413fec */ = {isa = PBXFileReference; path = a37a659098435f90438604a0c2c12d08413fec; sourceTree = "<group>"; };
		B60C9C86F65240A6179F85B0 /* 757020f361eae5d798027da0e607e3eb40f615 */ = {isa = PBXFileReference; path = 757020f361eae5d798027da0e607e3eb40f615; sourceTree = "<group>"; };
		B71544785FA6D7DF10A4C28F /* 6c435eaf367757bf2ae48e2349c16d4af3c033 */ = {isa = PBXFileReference; path = 6c435eaf367757bf2ae48e2349c16d4af3c033; sourceTree = "<group>"; };
		BBBC838161D63D7133E87861 /* packs */ = {isa = PBXFileReference; path = packs; sourceTree = "<group>"; };
		BBE06240AA420651CC63826F /* 0c02bab4b07cc3635fc9e4a9012fbefbafc796 */ = {isa = PBXFileReference; path = 0c02bab4b07cc3635fc9e4a9012fbefbafc796; sourceTree = "<group>"; };
		BC5641D871A35B414338A38D /* d9995ed99d82a588add236fbea1f483d2ffa00 */ = {isa = PBXFileReference; path = d9995ed99d82a588add236fbea1f483d2ffa00; sourceTree = "<group>"; };
		C032CECE3078EBC00F08AF98 /* a86e1d18f6284ee12cef8ed1acc47126fc750c */ = {isa = PBXFileReference; path = a86e1d18f6284ee12cef8ed1acc47126fc750c; sourceTree = "<group>"; };
		C1745C30A6E72209EF8D19EA /* c25bd197a35a85afd39025dceafad71656eeb4 */ = {isa = PBXFileReference; path = c25bd197a35a85afd39025dceafad71656eeb4; sourceTree = "<group>"; };
		C2A6DA5CC3B617BCCA30EF83 /* 5e9f55acf50cb0ff42d291bec833c628637875 */ = {isa = PBXFileReference; path = 5e9f55acf50cb0ff42d291bec833c628637875; sourceTree = "<group>"; };
		C94B51D04362BDE28C45A0E7 /* index */ = {isa = PBXFileReference; path = index; sourceTree = "<group>"; };
		CE503820D875E720A24B1B02 /* 5b57d4d5797fcc38d896f09de014dc516edbaa */ = {isa = PBXFileReference; path = 5b57d4d5797fcc38d896f09de014dc516edbaa; sourceTree = "<group>"; };
		CFD0BFF3C289E467ED8AF714 /* SecureStorage.swift */ = {isa = PBXFileReference; lastKnownFileType = sourcecode.swift; path = SecureStorage.swift; sourceTree = "<group>"; };
		D095BA41A904D0DB790E194E /* cc7133ea002b48ebd2395773d8761c2202fb75 */ = {isa = PBXFileReference; path = cc7133ea002b48ebd2395773d8761c2202fb75; sourceTree = "<group>"; };
		D0B9FBB4CB5AC72EF455BB58 /* prepare-commit-msg.sample */ = {isa = PBXFileReference; path = "prepare-commit-msg.sample"; sourceTree = "<group>"; };
		D0F4DBA4C531EAFDF4261F49 /* 303281271aab8b8088e87d294906beb686e599 */ = {isa = PBXFileReference; path = 303281271aab8b8088e87d294906beb686e599; sourceTree = "<group>"; };
		D45A0BED87CC7B80E4DAFA56 /* extracted_car.png */ = {isa = PBXFileReference; lastKnownFileType = image.png; path = extracted_car.png; sourceTree = "<group>"; };
		D47B19B6CA3E738FE409782C /* f47ea44f7e4fe80fff6e2ca461e583b638f0e2 */ = {isa = PBXFileReference; path = f47ea44f7e4fe80fff6e2ca461e583b638f0e2; sourceTree = "<group>"; };
		D5B3AC5FC1CE01DA146D0259 /* push-to-checkout.sample */ = {isa = PBXFileReference; path = "push-to-checkout.sample"; sourceTree = "<group>"; };
		D6F569A059526CDA3AFB9D6D /* pre-applypatch.sample */ = {isa = PBXFileReference; path = "pre-applypatch.sample"; sourceTree = "<group>"; };
		D8BCDA8EFABB9D55ADB76C1A /* APIService.swift */ = {isa = PBXFileReference; lastKnownFileType = sourcecode.swift; path = APIService.swift; sourceTree = "<group>"; };
		D95EF8274CD5A69018BDDB03 /* 2bf32d8e6291f35172846ceac1bb3aa048013c */ = {isa = PBXFileReference; path = 2bf32d8e6291f35172846ceac1bb3aa048013c; sourceTree = "<group>"; };
		D9AA8E89C3C77C0B474E39A5 /* NetworkService.swift */ = {isa = PBXFileReference; lastKnownFileType = sourcecode.swift; path = NetworkService.swift; sourceTree = "<group>"; };
		DA4A4A8A35A02EFDBEB83621 /* f5d88850d54602aecc3729fbe6cb466416f119 */ = {isa = PBXFileReference; path = f5d88850d54602aecc3729fbe6cb466416f119; sourceTree = "<group>"; };
		DBD9D4880E43741ADFD6D6B0 /* FontManager.swift */ = {isa = PBXFileReference; lastKnownFileType = sourcecode.swift; path = FontManager.swift; sourceTree = "<group>"; };
		DBFD2D48CB18F734A5611BFB /* post-update.sample */ = {isa = PBXFileReference; path = "post-update.sample"; sourceTree = "<group>"; };
		DD0B78332B785552F5646E1D /* LoadingView.swift */ = {isa = PBXFileReference; lastKnownFileType = sourcecode.swift; path = LoadingView.swift; sourceTree = "<group>"; };
		DEFA37297BC9FF38F6F36C10 /* main */ = {isa = PBXFileReference; path = main; sourceTree = "<group>"; };
		DF29CCCD1A40786F32AE7BAA /* LoginView.swift */ = {isa = PBXFileReference; lastKnownFileType = sourcecode.swift; path = LoginView.swift; sourceTree = "<group>"; };
		E04286F641B3D52F136B5342 /* 49aa7c40ee0c410e9540f0832a546dc8b02d5f */ = {isa = PBXFileReference; path = 49aa7c40ee0c410e9540f0832a546dc8b02d5f; sourceTree = "<group>"; };
		E39BD7275BDD882EE68EDD93 /* vic_medium.otf */ = {isa = PBXFileReference; lastKnownFileType = file; path = vic_medium.otf; sourceTree = "<group>"; };
		E7A7D93EAE361CEA5649801C /* 39b891268277fd54322c097c9676c13ce9256e */ = {isa = PBXFileReference; path = 39b891268277fd54322c097c9676c13ce9256e; sourceTree = "<group>"; };
		E7B5277415E7715C87E3FC93 /* 3b78f463143ec8bdbc65a9920982dfea2d4ea1 */ = {isa = PBXFileReference; path = 3b78f463143ec8bdbc65a9920982dfea2d4ea1; sourceTree = "<group>"; };
		EC390A3D24DF23C559CC1C4C /* 4601b2b59f4fc57d815d23df28e0ce229dfcfb */ = {isa = PBXFileReference; path = 4601b2b59f4fc57d815d23df28e0ce229dfcfb; sourceTree = "<group>"; };
		EF76A81A7A7ADA9B3C2EBD80 /* b3fed16bc71dfe697ba36e2be7179e7168461c */ = {isa = PBXFileReference; path = b3fed16bc71dfe697ba36e2be7179e7168461c; sourceTree = "<group>"; };
		EF84065068858D162F55FA64 /* cb7557809fd6c0ab8b16e19755172dd274b303 */ = {isa = PBXFileReference; path = cb7557809fd6c0ab8b16e19755172dd274b303; sourceTree = "<group>"; };
		EFD4001A061DFD18F72301BB /* update.sample */ = {isa = PBXFileReference; path = update.sample; sourceTree = "<group>"; };
		F0AC01AB8BDFFE8539C29CEF /* LicenceHelpers.swift */ = {isa = PBXFileReference; lastKnownFileType = sourcecode.swift; path = LicenceHelpers.swift; sourceTree = "<group>"; };
		F4D37BA0D8AD0219199E9F17 /* 468533978648309618ac011c2c2f2c9ba4883e */ = {isa = PBXFileReference; path = 468533978648309618ac011c2c2f2c9ba4883e; sourceTree = "<group>"; };
		F916A25149FD0010EC476BA3 /* c33efa5b409d2facf6309d7bb0e71bd4aa06bb */ = {isa = PBXFileReference; path = c33efa5b409d2facf6309d7bb0e71bd4aa06bb; sourceTree = "<group>"; };
		FA4F59FC0020B32ACCC4679F /* CustomTabBar.swift */ = {isa = PBXFileReference; lastKnownFileType = sourcecode.swift; path = CustomTabBar.swift; sourceTree = "<group>"; };
		FB2B9B7FBEB353C0C4FA9B8C /* description */ = {isa = PBXFileReference; path = description; sourceTree = "<group>"; };
		FB8EB854E1647F6DA3DE8FC1 /* a08074cc1cf12d2c8f86f7f2b9e376780a8b29 */ = {isa = PBXFileReference; path = a08074cc1cf12d2c8f86f7f2b9e376780a8b29; sourceTree = "<group>"; };
		FD6DBDFA4E8ED1C92C5E782B /* vicroads_logo_verify.webp */ = {isa = PBXFileReference; path = vicroads_logo_verify.webp; sourceTree = "<group>"; };
		FFF813DFA2A51BCC3FBFD282 /* HEAD */ = {isa = PBXFileReference; path = HEAD; sourceTree = "<group>"; };
/* End PBXFileReference section */

/* Begin PBXGroup section */
		020FB20ABB7C02C6EECFAA5A /* info */ = {
			isa = PBXGroup;
			children = (
				7FB7391348D787DF17B70BEA /* commit-graph */,
				BBBC838161D63D7133E87861 /* packs */,
			);
			path = info;
			sourceTree = "<group>";
		};
		06240F62B120A74AF916CF19 /* remotes */ = {
			isa = PBXGroup;
			children = (
				48FD2C26BFC1F71CA427FC6B /* origin */,
			);
			path = remotes;
			sourceTree = "<group>";
		};
		094366195A1C7BA6C3498021 /* 6b */ = {
			isa = PBXGroup;
			children = (
				1E2600756587023D8DD215E8 /* 624c67594e76eebcd2289a65c86eca67a9bb54 */,
			);
			path = 6b;
			sourceTree = "<group>";
		};
		0C3D8D6D282102443C04E8DB /* be */ = {
			isa = PBXGroup;
			children = (
				1934C3F222A555D094809D5E /* 58bc017d348b7467ba1caf42acfdabd27989bc */,
			);
			path = be;
			sourceTree = "<group>";
		};
		1158182B447C488F478D4937 /* Views */ = {
			isa = PBXGroup;
			children = (
				FA4F59FC0020B32ACCC4679F /* CustomTabBar.swift */,
				5FA5676991A6B02546F75DAF /* FontExtensions.swift */,
				2E1500A25E5BD68FA014D9C9 /* HomeView.swift */,
				5BE959906FCFAB9047466629 /* IdentityWizardView.swift */,
				3374390A40D19759D0AC3B0C /* LicenceDetailsFullView.swift */,
				F0AC01AB8BDFFE8539C29CEF /* LicenceHelpers.swift */,
				6F1397C3A820D84108380196 /* LicenceView.swift */,
				DD0B78332B785552F5646E1D /* LoadingView.swift */,
				DF29CCCD1A40786F32AE7BAA /* LoginView.swift */,
				142CFD04E61A9ABE4B555FD2 /* ProfileView.swift */,
				22A96435779CC0ACF9311B7E /* VicRoadsIcons.swift */,
			);
			path = Views;
			sourceTree = "<group>";
		};
		1158A70CA030E5E45356F5FF /* d6 */ = {
			isa = PBXGroup;
			children = (
				1AA51E160EB3028728538413 /* beb02020cf2e2a2a59a63a58f58e0bc820a7f1 */,
			);
			path = d6;
			sourceTree = "<group>";
		};
		117214A6B202617E3297B3B2 /* heads */ = {
			isa = PBXGroup;
			children = (
				3B48CAFD8670467896CA978D /* main */,
			);
			path = heads;
			sourceTree = "<group>";
		};
		140B824E9E8CDAF43563B36E /* 82 */ = {
			isa = PBXGroup;
			children = (
				D95EF8274CD5A69018BDDB03 /* 2bf32d8e6291f35172846ceac1bb3aa048013c */,
			);
			path = 82;
			sourceTree = "<group>";
		};
		15092234C49FDBEB969F856C /* b9 */ = {
			isa = PBXGroup;
			children = (
				9FDC85F0F962A3C07CC52C9E /* 18d097fe6f6cbf5e60449eb41dc2369bdf13ef */,
			);
			path = b9;
			sourceTree = "<group>";
		};
		15778D8B60F1D00D180FAB3A /* 0c */ = {
			isa = PBXGroup;
			children = (
				B71544785FA6D7DF10A4C28F /* 6c435eaf367757bf2ae48e2349c16d4af3c033 */,
			);
			path = 0c;
			sourceTree = "<group>";
		};
		18211A4B956C75B39F615A7F /* e1 */ = {
			isa = PBXGroup;
			children = (
				00382FCB1545F0F42DAD3E98 /* b2d06428623df35f3358344bb993afb12fc7cb */,
			);
			path = e1;
			sourceTree = "<group>";
		};
		190DF1CAF69929FB2B403140 /* d4 */ = {
			isa = PBXGroup;
			children = (
				4A7C3D29629D1473A95CA771 /* 331c0e8eaa6bb3b71cf99f56f45049e5342a60 */,
			);
			path = d4;
			sourceTree = "<group>";
		};
		1DAEC1CC058764EC4A89964B /* 46 */ = {
			isa = PBXGroup;
			children = (
				DA4A4A8A35A02EFDBEB83621 /* f5d88850d54602aecc3729fbe6cb466416f119 */,
			);
			path = 46;
			sourceTree = "<group>";
		};
		1E923D6B95A709E740C3ED56 /* refs */ = {
			isa = PBXGroup;
			children = (
				35E1CB1A815AEB8F9C365969 /* heads */,
				E1ACA0F66C21EF1DA60EF249 /* remotes */,
			);
			path = refs;
			sourceTree = "<group>";
		};
		22F96C27A6B67EA7F8014342 /* 9e */ = {
			isa = PBXGroup;
			children = (
				A17B4CF324042E1188AC0930 /* 4d6bebeb32b816f91349ee7954d1f2450d19cc */,
			);
			path = 9e;
			sourceTree = "<group>";
		};
		247934DF77575338309FC139 /* 5a */ = {
			isa = PBXGroup;
			children = (
				9DA342BD935E59820FDB95A0 /* c646da186c3edd54c6ce116aebeb9e5103cf63 */,
			);
			path = 5a;
			sourceTree = "<group>";
		};
		2816A1DF9EDD301D02F0F625 /* 08 */ = {
			isa = PBXGroup;
			children = (
				33C26B2E54B7AEEC249D6D34 /* f2d98b34841c5c6824bd0b7018b8bf30f0feb9 */,
			);
			path = 08;
			sourceTree = "<group>";
		};
		283CF2DFCC772BF488DF4461 /* digitalfakie */ = {
			isa = PBXGroup;
			children = (
				6D5B8B0B035D56982F565B52 /* .gitignore */,
				76A9E1BAAF66A9C3AB30401B /* Assets.xcassets */,
				0BCE788645FBC59C01980A1F /* DigitalIDApp.swift */,
				D45A0BED87CC7B80E4DAFA56 /* extracted_car.png */,
				0733DA0E37161A165045EE1C /* floral_bgro_w.png */,
				A8B0F541AF078B868CB428DE /* floral_bgro_w.webp */,
				37C9FA0A5FD61EBC67009917 /* ic_launcher_foreground.png */,
				4F775AF951BFE4945C5621A8 /* Info.plist */,
				27FCE07DF63E5D14B42C4A2C /* mockup_bar.png */,
				6D54BDACEF22194F75884B59 /* notification_oversize_large_icon_bg.png */,
				3627FEC3B78CCAC798FE7535 /* vic_coat_of_arms.png */,
				4A79677B17E7002967DD7475 /* vic_coat_of_arms.webp */,
				E39BD7275BDD882EE68EDD93 /* vic_medium.otf */,
				77E98BCB37CB72647F26C6EE /* vic_regular.otf */,
				1BFDB9D1827E8B613679083A /* vic_semibold.otf */,
				3D2A4D28E1E1F4C3F665E965 /* vicroads_logo_verify.png */,
				FD6DBDFA4E8ED1C92C5E782B /* vicroads_logo_verify.webp */,
				7EF19728D2C7AF737A32E9D0 /* .git */,
				64F15AB07E09FFD98525C36B /* Models */,
				78F7B501953AA7B1180B4561 /* Networking */,
				D8287FA24639C19525E5F414 /* Security */,
				73FF30F4F1E04969AF9BDB28 /* Services */,
				8E1F91B0AE8C5A176BBFB8D2 /* Utils */,
				DE425EA8BCF86DAE1BFD6181 /* ViewModels */,
				1158182B447C488F478D4937 /* Views */,
			);
			name = digitalfakie;
			path = .;
			sourceTree = "<group>";
		};
		2C420F50154370E06D9FAED7 /* pack */ = {
			isa = PBXGroup;
			children = (
				9E31564BC3B5B23873A146F2 /* pack-c707ca3a4a4b6ff5a8beeef3b94fae8842a400cb.idx */,
				8DE4D85AB1AC9F08AFAE8DEA /* pack-c707ca3a4a4b6ff5a8beeef3b94fae8842a400cb.pack */,
			);
			path = pack;
			sourceTree = "<group>";
		};
		2D938C9813FA57A7B87C01F1 /* 5b */ = {
			isa = PBXGroup;
			children = (
				A67F03E2A6662B610E7E5661 /* 0016c7d1300eff4333192f611c29cbaacd3a9a */,
			);
			path = 5b;
			sourceTree = "<group>";
		};
		30AD4E983F1B4387FB213303 /* 22 */ = {
			isa = PBXGroup;
			children = (
				C032CECE3078EBC00F08AF98 /* a86e1d18f6284ee12cef8ed1acc47126fc750c */,
			);
			path = 22;
			sourceTree = "<group>";
		};
		35E1CB1A815AEB8F9C365969 /* heads */ = {
			isa = PBXGroup;
			children = (
				4DAF58922F05EAFF859D9A6D /* main */,
			);
			path = heads;
			sourceTree = "<group>";
		};
		3D5CDC9881DAA4AC66F684EB /* db */ = {
			isa = PBXGroup;
			children = (
				E04286F641B3D52F136B5342 /* 49aa7c40ee0c410e9540f0832a546dc8b02d5f */,
			);
			path = db;
			sourceTree = "<group>";
		};
		43DD477EA193E85ED22115F5 /* b5 */ = {
			isa = PBXGroup;
			children = (
				B5E2E655FA0C23C7C48375FE /* a37a659098435f90438604a0c2c12d08413fec */,
			);
			path = b5;
			sourceTree = "<group>";
		};
		489480430796A08202FF0F9E /* 94 */ = {
			isa = PBXGroup;
			children = (
				501D42F41E9D201EFFBC26C6 /* 9533ef25d33633d3608ec9ec32c9895e4ce4c8 */,
			);
			path = 94;
			sourceTree = "<group>";
		};
		48EF5E98EB7E509166F474C1 /* 3e */ = {
			isa = PBXGroup;
			children = (
				F916A25149FD0010EC476BA3 /* c33efa5b409d2facf6309d7bb0e71bd4aa06bb */,
			);
			path = 3e;
			sourceTree = "<group>";
		};
		48FD2C26BFC1F71CA427FC6B /* origin */ = {
			isa = PBXGroup;
			children = (
				DEFA37297BC9FF38F6F36C10 /* main */,
			);
			path = origin;
			sourceTree = "<group>";
		};
		4D580FD2C28BED2AD1DC2314 /* 7e */ = {
			isa = PBXGroup;
			children = (
				D095BA41A904D0DB790E194E /* cc7133ea002b48ebd2395773d8761c2202fb75 */,
			);
			path = 7e;
			sourceTree = "<group>";
		};
		51DBDDDC32953BA9BE3CAB78 /* 0b */ = {
			isa = PBXGroup;
			children = (
				7E6729E4C7206751727D6003 /* 76ff2e6daf4f8edaf768cafd6841e1d0a369c9 */,
			);
			path = 0b;
			sourceTree = "<group>";
		};
		55315556D84A7CB9E4178B72 /* objects */ = {
			isa = PBXGroup;
			children = (
				51DBDDDC32953BA9BE3CAB78 /* 0b */,
				15778D8B60F1D00D180FAB3A /* 0c */,
				625E9A21BEB4C26C09D864DC /* 1c */,
				9740BB76A89428801226D62F /* 2e */,
				48EF5E98EB7E509166F474C1 /* 3e */,
				576C8BEE6F26AD432843F6A0 /* 3f */,
				ECD293BC085E0803DD9DE074 /* 4e */,
				B30D1484621F834140BC1CC4 /* 05 */,
				247934DF77575338309FC139 /* 5a */,
				2D938C9813FA57A7B87C01F1 /* 5b */,
				5D5D2E6FE46B45EEF349D6B2 /* 5f */,
				DC6C209334B36C3766F113CE /* 06 */,
				A723A61629F625CF52E56DAA /* 6a */,
				094366195A1C7BA6C3498021 /* 6b */,
				7623782439E9C1127A513585 /* 6f */,
				4D580FD2C28BED2AD1DC2314 /* 7e */,
				2816A1DF9EDD301D02F0F625 /* 08 */,
				C0AF1471A6ED275E4C6DD455 /* 8a */,
				FBBE5AFE9E43EE2150D73FAA /* 8b */,
				22F96C27A6B67EA7F8014342 /* 9e */,
				DC9687CCEFC966891AE3DAB0 /* 9f */,
				982E821B0850C3F4C1F56F1D /* 10 */,
				6588F41F09397942DD691987 /* 13 */,
				A0215BCCC37CDF152EBC1D8C /* 18 */,
				E02144212CECDDD058DCC93F /* 19 */,
				30AD4E983F1B4387FB213303 /* 22 */,
				A72D000283031D88463C2F7D /* 27 */,
				EFD9661904FBD5413ECA4E34 /* 29 */,
				5C17F8ED21553B645C50D255 /* 32 */,
				97E004CC57C9EC074C1FE030 /* 36 */,
				BD13DB66202033D868232D1A /* 42 */,
				EE3F1C598B1808E856C86BCB /* 43 */,
				ABDBE59A0A62A34731FAAC67 /* 45 */,
				1DAEC1CC058764EC4A89964B /* 46 */,
				E0B4A2C7014C0998A31DD163 /* 65 */,
				65CB84A962E6DE11033B2C5A /* 69 */,
				C87D36ABDD8202448FDFAB2E /* 77 */,
				140B824E9E8CDAF43563B36E /* 82 */,
				B4AA9D6F8BACAC5612734962 /* 83 */,
				AE29E387CFFDFC5BC792A2EB /* 86 */,
				489480430796A08202FF0F9E /* 94 */,
				43DD477EA193E85ED22115F5 /* b5 */,
				58528EEF077F6B2BF8755260 /* b6 */,
				15092234C49FDBEB969F856C /* b9 */,
				0C3D8D6D282102443C04E8DB /* be */,
				E079F11A14E5F6319A58AFA7 /* c3 */,
				5F92C574CB40C0587C5CC8CC /* c5 */,
				CF6256474C2ED684EEFC4B5D /* cb */,
				5E2589CCED1245B26E878084 /* d3 */,
				190DF1CAF69929FB2B403140 /* d4 */,
				1158A70CA030E5E45356F5FF /* d6 */,
				3D5CDC9881DAA4AC66F684EB /* db */,
				18211A4B956C75B39F615A7F /* e1 */,
				D26A25A06C681B7D89383EFA /* ec */,
				9682A3E9E8A31ABBEFB9E0E9 /* ed */,
				8E11786CB448470EEA942220 /* f0 */,
				F85BDEB6783859E465A608A2 /* f9 */,
				C225BDD19A86548EB1BBC81C /* ff */,
				020FB20ABB7C02C6EECFAA5A /* info */,
				2C420F50154370E06D9FAED7 /* pack */,
			);
			path = objects;
			sourceTree = "<group>";
		};
		576C8BEE6F26AD432843F6A0 /* 3f */ = {
			isa = PBXGroup;
			children = (
				0517D63FC91A437B23488E05 /* c577333ebc04cef8cb467219ea43a7a81b8e3f */,
			);
			path = 3f;
			sourceTree = "<group>";
		};
		58528EEF077F6B2BF8755260 /* b6 */ = {
			isa = PBXGroup;
			children = (
				730AD4CF2AFA7BCC09F58B5A /* c2da30c50bf5c59f8eb238c27a99bee7b4964b */,
			);
			path = b6;
			sourceTree = "<group>";
		};
		5B598DEB603ACC020234E97C /* Products */ = {
			isa = PBXGroup;
			children = (
				90E1E4DA79C6C38F738D63EB /* DigitalID.app */,
			);
			name = Products;
			sourceTree = "<group>";
		};
		5C17F8ED21553B645C50D255 /* 32 */ = {
			isa = PBXGroup;
			children = (
				D47B19B6CA3E738FE409782C /* f47ea44f7e4fe80fff6e2ca461e583b638f0e2 */,
			);
			path = 32;
			sourceTree = "<group>";
		};
		5D5D2E6FE46B45EEF349D6B2 /* 5f */ = {
			isa = PBXGroup;
			children = (
				40E2265BCFF2367FB9181416 /* 1a6c9d9c934bcfdca636465239408110b4053e */,
			);
			path = 5f;
			sourceTree = "<group>";
		};
		5E2589CCED1245B26E878084 /* d3 */ = {
			isa = PBXGroup;
			children = (
				375DF48807FDFC30747BA33B /* 43f7b20429f9e070c14717d9b03e35f6ee75fe */,
			);
			path = d3;
			sourceTree = "<group>";
		};
		5F92C574CB40C0587C5CC8CC /* c5 */ = {
			isa = PBXGroup;
			children = (
				F4D37BA0D8AD0219199E9F17 /* 468533978648309618ac011c2c2f2c9ba4883e */,
			);
			path = c5;
			sourceTree = "<group>";
		};
		625E9A21BEB4C26C09D864DC /* 1c */ = {
			isa = PBXGroup;
			children = (
				A5919A94C32D534D79F7DDDA /* 6b606df49c4b64c9267d3159292a725067c9e2 */,
				EF76A81A7A7ADA9B3C2EBD80 /* b3fed16bc71dfe697ba36e2be7179e7168461c */,
			);
			path = 1c;
			sourceTree = "<group>";
		};
		64F15AB07E09FFD98525C36B /* Models */ = {
			isa = PBXGroup;
			children = (
				8B055354444805A5D9A7E727 /* IdentityProfile.swift */,
			);
			path = Models;
			sourceTree = "<group>";
		};
		6588F41F09397942DD691987 /* 13 */ = {
			isa = PBXGroup;
			children = (
				3E50A6692330F7549A0A4284 /* 18f20c72a94e31207a61e5da1e64a23d8b8d60 */,
			);
			path = 13;
			sourceTree = "<group>";
		};
		65CB84A962E6DE11033B2C5A /* 69 */ = {
			isa = PBXGroup;
			children = (
				BBE06240AA420651CC63826F /* 0c02bab4b07cc3635fc9e4a9012fbefbafc796 */,
			);
			path = 69;
			sourceTree = "<group>";
		};
		6DE79784F8A37B338EEA217E /* info */ = {
			isa = PBXGroup;
			children = (
				9F2C4C10695E6E06799F2A3B /* exclude */,
				4AA43F1DCF7E8843FD38D4D7 /* refs */,
			);
			path = info;
			sourceTree = "<group>";
		};
		73FF30F4F1E04969AF9BDB28 /* Services */ = {
			isa = PBXGroup;
			children = (
				D8BCDA8EFABB9D55ADB76C1A /* APIService.swift */,
			);
			path = Services;
			sourceTree = "<group>";
		};
		7623782439E9C1127A513585 /* 6f */ = {
			isa = PBXGroup;
			children = (
				C1745C30A6E72209EF8D19EA /* c25bd197a35a85afd39025dceafad71656eeb4 */,
			);
			path = 6f;
			sourceTree = "<group>";
		};
		78F7B501953AA7B1180B4561 /* Networking */ = {
			isa = PBXGroup;
			children = (
				D9AA8E89C3C77C0B474E39A5 /* NetworkService.swift */,
			);
			path = Networking;
			sourceTree = "<group>";
		};
		7E14E16F9F07A762B150FF27 = {
			isa = PBXGroup;
			children = (
				7EF19728D2C7AF737A32E9D0 /* .git */,
				283CF2DFCC772BF488DF4461 /* digitalfakie */,
				64F15AB07E09FFD98525C36B /* Models */,
				78F7B501953AA7B1180B4561 /* Networking */,
				D8287FA24639C19525E5F414 /* Security */,
				73FF30F4F1E04969AF9BDB28 /* Services */,
				8E1F91B0AE8C5A176BBFB8D2 /* Utils */,
				DE425EA8BCF86DAE1BFD6181 /* ViewModels */,
				1158182B447C488F478D4937 /* Views */,
				5B598DEB603ACC020234E97C /* Products */,
			);
			sourceTree = "<group>";
		};
		7EF19728D2C7AF737A32E9D0 /* .git */ = {
			isa = PBXGroup;
			children = (
				A9069876904CE53AF00AEDB3 /* COMMIT_EDITMSG */,
				7193941FF6451F20C799C8FA /* config */,
				FB2B9B7FBEB353C0C4FA9B8C /* description */,
				AF61A6060F4F8C6146D7D48D /* HEAD */,
				C94B51D04362BDE28C45A0E7 /* index */,
				4F8082524C57F441BD49A2E6 /* packed-refs */,
				C45B5EF79697DCB6956E59F7 /* hooks */,
				6DE79784F8A37B338EEA217E /* info */,
				F4B786A58802C12709E1E20D /* logs */,
				55315556D84A7CB9E4178B72 /* objects */,
				EC52A264D4B2C6447E998686 /* refs */,
			);
			path = .git;
			sourceTree = "<group>";
		};
		8E11786CB448470EEA942220 /* f0 */ = {
			isa = PBXGroup;
			children = (
				E7A7D93EAE361CEA5649801C /* 39b891268277fd54322c097c9676c13ce9256e */,
			);
			path = f0;
			sourceTree = "<group>";
		};
		8E1F91B0AE8C5A176BBFB8D2 /* Utils */ = {
			isa = PBXGroup;
			children = (
				DBD9D4880E43741ADFD6D6B0 /* FontManager.swift */,
				4A01C480123CD6CFB4C853E2 /* LayoutConstants.swift */,
			);
			path = Utils;
			sourceTree = "<group>";
		};
		9682A3E9E8A31ABBEFB9E0E9 /* ed */ = {
			isa = PBXGroup;
			children = (
				81DD88B6CFC6B327622B3700 /* 0333495d87f707c409a85ab0eaa949fd03442a */,
			);
			path = ed;
			sourceTree = "<group>";
		};
		9740BB76A89428801226D62F /* 2e */ = {
			isa = PBXGroup;
			children = (
				00D9B281C591D4D63F725D89 /* e89a0df43a1701c99d875be4d4af240a359514 */,
			);
			path = 2e;
			sourceTree = "<group>";
		};
		97E004CC57C9EC074C1FE030 /* 36 */ = {
			isa = PBXGroup;
			children = (
				8348356F614FF4BF930CA6EB /* 218855a06862d48ffdcc4321e222a683d3062e */,
			);
			path = 36;
			sourceTree = "<group>";
		};
		982E821B0850C3F4C1F56F1D /* 10 */ = {
			isa = PBXGroup;
			children = (
				181A71E420D611C31106BA55 /* c01ede5294c19335cfca8c7f3f06f7b641cf32 */,
			);
			path = 10;
			sourceTree = "<group>";
		};
		A0215BCCC37CDF152EBC1D8C /* 18 */ = {
			isa = PBXGroup;
			children = (
				918B2B80AC3A646D461CF4AD /* a7a4edb1336708b5816260f30b5b27025b8fa7 */,
			);
			path = 18;
			sourceTree = "<group>";
		};
		A723A61629F625CF52E56DAA /* 6a */ = {
			isa = PBXGroup;
			children = (
				EC390A3D24DF23C559CC1C4C /* 4601b2b59f4fc57d815d23df28e0ce229dfcfb */,
				9FEF7002C221EE469E048945 /* e6c25ef844e22344a03c1a8ae6f8f17d7dadd2 */,
			);
			path = 6a;
			sourceTree = "<group>";
		};
		A72D000283031D88463C2F7D /* 27 */ = {
			isa = PBXGroup;
			children = (
				0EF6C80707DC5BB2044A551F /* 04fca94b973521f80f1803a4b235fea5fd8837 */,
			);
			path = 27;
			sourceTree = "<group>";
		};
		ABDBE59A0A62A34731FAAC67 /* 45 */ = {
			isa = PBXGroup;
			children = (
				609B78F7FF29C5286D208755 /* 9cc45cbcc3e77a2cacb189fddbcb18234a51dc */,
			);
			path = 45;
			sourceTree = "<group>";
		};
		AE29E387CFFDFC5BC792A2EB /* 86 */ = {
			isa = PBXGroup;
			children = (
				BC5641D871A35B414338A38D /* d9995ed99d82a588add236fbea1f483d2ffa00 */,
			);
			path = 86;
			sourceTree = "<group>";
		};
		B30D1484621F834140BC1CC4 /* 05 */ = {
			isa = PBXGroup;
			children = (
				02E103D114B445D06804F004 /* aa4a8049d2d0c4e34175f8e64f5a34898a94b7 */,
			);
			path = 05;
			sourceTree = "<group>";
		};
		B4AA9D6F8BACAC5612734962 /* 83 */ = {
			isa = PBXGroup;
			children = (
				CE503820D875E720A24B1B02 /* 5b57d4d5797fcc38d896f09de014dc516edbaa */,
			);
			path = 83;
			sourceTree = "<group>";
		};
		BD13DB66202033D868232D1A /* 42 */ = {
			isa = PBXGroup;
			children = (
				72D54E2930A8C8684442D1B9 /* 644ec732ba4a9bf3c4d3f2289ff37b90b38370 */,
			);
			path = 42;
			sourceTree = "<group>";
		};
		C0AF1471A6ED275E4C6DD455 /* 8a */ = {
			isa = PBXGroup;
			children = (
				46BA2163883CA2A1F9B15F73 /* d396bf468efd048cf4e5ef3a84b45b59c86b42 */,
			);
			path = 8a;
			sourceTree = "<group>";
		};
		C225BDD19A86548EB1BBC81C /* ff */ = {
			isa = PBXGroup;
			children = (
				FB8EB854E1647F6DA3DE8FC1 /* a08074cc1cf12d2c8f86f7f2b9e376780a8b29 */,
			);
			path = ff;
			sourceTree = "<group>";
		};
		C45B5EF79697DCB6956E59F7 /* hooks */ = {
			isa = PBXGroup;
			children = (
				113E6E723C3BF5BC6A8831AB /* applypatch-msg.sample */,
				34757640CB0272C01B13B3EA /* commit-msg.sample */,
				6D9185E0C8AD543AF7BAE913 /* fsmonitor-watchman.sample */,
				DBFD2D48CB18F734A5611BFB /* post-update.sample */,
				D6F569A059526CDA3AFB9D6D /* pre-applypatch.sample */,
				8CA856472CCDCEAEB346FEE9 /* pre-commit.sample */,
				61E3D12A7C65CBEDBD639599 /* pre-merge-commit.sample */,
				7AEBEFED2CB0EB7583234EC4 /* pre-push.sample */,
				3AF3EF1220B91DD9884707A8 /* pre-rebase.sample */,
				1E895FBB6CB8AEEBF06E628C /* pre-receive.sample */,
				D0B9FBB4CB5AC72EF455BB58 /* prepare-commit-msg.sample */,
				D5B3AC5FC1CE01DA146D0259 /* push-to-checkout.sample */,
				EFD4001A061DFD18F72301BB /* update.sample */,
			);
			path = hooks;
			sourceTree = "<group>";
		};
		C87D36ABDD8202448FDFAB2E /* 77 */ = {
			isa = PBXGroup;
			children = (
				7F6D7A8C47A1F9A985145939 /* 6d2cf02d90d524a863d9e542bad6ab37f96406 */,
			);
			path = 77;
			sourceTree = "<group>";
		};
		CF6256474C2ED684EEFC4B5D /* cb */ = {
			isa = PBXGroup;
			children = (
				D0F4DBA4C531EAFDF4261F49 /* 303281271aab8b8088e87d294906beb686e599 */,
			);
			path = cb;
			sourceTree = "<group>";
		};
		D26A25A06C681B7D89383EFA /* ec */ = {
			isa = PBXGroup;
			children = (
				476E5A7B66B3F96C127B7B6F /* 8e6ea8d72a15eb033b9cefe3bf517605ec3f05 */,
			);
			path = ec;
			sourceTree = "<group>";
		};
		D8287FA24639C19525E5F414 /* Security */ = {
			isa = PBXGroup;
			children = (
				CFD0BFF3C289E467ED8AF714 /* SecureStorage.swift */,
			);
			path = Security;
			sourceTree = "<group>";
		};
		DC6C209334B36C3766F113CE /* 06 */ = {
			isa = PBXGroup;
			children = (
				E7B5277415E7715C87E3FC93 /* 3b78f463143ec8bdbc65a9920982dfea2d4ea1 */,
			);
			path = 06;
			sourceTree = "<group>";
		};
		DC9687CCEFC966891AE3DAB0 /* 9f */ = {
			isa = PBXGroup;
			children = (
				730748B8E4222DD3EB70414F /* 3b27b358c50518476feebc351284694b251388 */,
				36ECF56E857C079364DD4EB5 /* cb663d4f76da8a7ec2a69ab4cfdcbd5a783fd7 */,
			);
			path = 9f;
			sourceTree = "<group>";
		};
		DE425EA8BCF86DAE1BFD6181 /* ViewModels */ = {
			isa = PBXGroup;
			children = (
				225B03F4FBA48CCE6A6F6F39 /* HomeViewModel.swift */,
				19E2B2075FBBB248107E8CC8 /* LicenceViewModel.swift */,
			);
			path = ViewModels;
			sourceTree = "<group>";
		};
		E02144212CECDDD058DCC93F /* 19 */ = {
			isa = PBXGroup;
			children = (
				B60C9C86F65240A6179F85B0 /* 757020f361eae5d798027da0e607e3eb40f615 */,
			);
			path = 19;
			sourceTree = "<group>";
		};
		E079F11A14E5F6319A58AFA7 /* c3 */ = {
			isa = PBXGroup;
			children = (
				65DB07261F7FF59913A73A7F /* 0a210d07f75e31f49b8ae448c58975caa8fec4 */,
			);
			path = c3;
			sourceTree = "<group>";
		};
		E0B4A2C7014C0998A31DD163 /* 65 */ = {
			isa = PBXGroup;
			children = (
				C2A6DA5CC3B617BCCA30EF83 /* 5e9f55acf50cb0ff42d291bec833c628637875 */,
			);
			path = 65;
			sourceTree = "<group>";
		};
		E1ACA0F66C21EF1DA60EF249 /* remotes */ = {
			isa = PBXGroup;
			children = (
				E3554250CC96EB84129C1988 /* origin */,
			);
			path = remotes;
			sourceTree = "<group>";
		};
		E3554250CC96EB84129C1988 /* origin */ = {
			isa = PBXGroup;
			children = (
				AF14BCF5AD2982562CA9E4A5 /* main */,
			);
			path = origin;
			sourceTree = "<group>";
		};
		EC52A264D4B2C6447E998686 /* refs */ = {
			isa = PBXGroup;
			children = (
				117214A6B202617E3297B3B2 /* heads */,
				06240F62B120A74AF916CF19 /* remotes */,
			);
			path = refs;
			sourceTree = "<group>";
		};
		ECD293BC085E0803DD9DE074 /* 4e */ = {
			isa = PBXGroup;
			children = (
				618B83E61A68A3E77313DCC4 /* 05b1dfee043926249835b0900f4d668e3de0a7 */,
			);
			path = 4e;
			sourceTree = "<group>";
		};
		EE3F1C598B1808E856C86BCB /* 43 */ = {
			isa = PBXGroup;
			children = (
				1262BEDB18A0CA00D8A4AB6D /* 1cb733b9a71f927e3fd4512c222a98df990900 */,
			);
			path = 43;
			sourceTree = "<group>";
		};
		EFD9661904FBD5413ECA4E34 /* 29 */ = {
			isa = PBXGroup;
			children = (
				EF84065068858D162F55FA64 /* cb7557809fd6c0ab8b16e19755172dd274b303 */,
			);
			path = 29;
			sourceTree = "<group>";
		};
		F4B786A58802C12709E1E20D /* logs */ = {
			isa = PBXGroup;
			children = (
				FFF813DFA2A51BCC3FBFD282 /* HEAD */,
				1E923D6B95A709E740C3ED56 /* refs */,
			);
			path = logs;
			sourceTree = "<group>";
		};
		F85BDEB6783859E465A608A2 /* f9 */ = {
			isa = PBXGroup;
			children = (
				21F80203FE48837620AB0066 /* 2a3f8a938c79ec8fae7d3b73153ca8412cd7b3 */,
			);
			path = f9;
			sourceTree = "<group>";
		};
		FBBE5AFE9E43EE2150D73FAA /* 8b */ = {
			isa = PBXGroup;
			children = (
				72C515C4B1418445387B2294 /* 7cb8151de5752fbdb1960c678571db6e482d07 */,
			);
			path = 8b;
			sourceTree = "<group>";
		};
/* End PBXGroup section */

/* Begin PBXNativeTarget section */
		892D14DBCC626FB4CD196225 /* DigitalID */ = {
			isa = PBXNativeTarget;
			buildConfigurationList = 681AE45E88001E49C9AE4A49 /* Build configuration list for PBXNativeTarget "DigitalID" */;
			buildPhases = (
				B482C485FA67A648EF43E985 /* Sources */,
				866ACF66149D3D67528A42CA /* Resources */,
			);
			buildRules = (
			);
			dependencies = (
			);
			name = DigitalID;
			packageProductDependencies = (
			);
			productName = DigitalID;
			productReference = 90E1E4DA79C6C38F738D63EB /* DigitalID.app */;
			productType = "com.apple.product-type.application";
		};
/* End PBXNativeTarget section */

/* Begin PBXProject section */
		F3EEB548C83DD2BAC85C356D /* Project object */ = {
			isa = PBXProject;
			attributes = {
				BuildIndependentTargetsInParallel = YES;
				LastUpgradeCheck = 1500;
				TargetAttributes = {
					892D14DBCC626FB4CD196225 = {
						DevelopmentTeam = "";
					};
				};
			};
			buildConfigurationList = 50CD9032844F82EAF519D684 /* Build configuration list for PBXProject "DigitalID" */;
			compatibilityVersion = "Xcode 14.0";
			developmentRegion = en;
			hasScannedForEncodings = 0;
			knownRegions = (
				Base,
				en,
			);
			mainGroup = 7E14E16F9F07A762B150FF27;
			minimizedProjectReferenceProxies = 1;
			preferredProjectObjectVersion = 77;
			projectDirPath = "";
			projectRoot = "";
			targets = (
				892D14DBCC626FB4CD196225 /* DigitalID */,
			);
		};
/* End PBXProject section */

/* Begin PBXResourcesBuildPhase section */
		866ACF66149D3D67528A42CA /* Resources */ = {
			isa = PBXResourcesBuildPhase;
			buildActionMask = 2147483647;
			files = (
				36F1025E9C27B266A34C0666 /* Assets.xcassets in Resources */,
				213A4F8896056D4A38CE9871 /* applypatch-msg.sample in Resources */,
				104958F08A8F27FFF377F21E /* commit-msg.sample in Resources */,
				7F9231E8008C1F71ED520064 /* extracted_car.png in Resources */,
				58D6832889BC9E6F4161FBFE /* floral_bgro_w.png in Resources */,
				96E0DA496F1C6F10B9530666 /* floral_bgro_w.webp in Resources */,
				33FAA1EA383820FC95199D92 /* fsmonitor-watchman.sample in Resources */,
				62C1758BF7D83B8BD19DABBF /* ic_launcher_foreground.png in Resources */,
				79C3DD3EC5D36C1D63816D44 /* mockup_bar.png in Resources */,
				C135AED8C23D65C21C9B402D /* notification_oversize_large_icon_bg.png in Resources */,
				0918B0D23723D7EB3D001017 /* pack-c707ca3a4a4b6ff5a8beeef3b94fae8842a400cb.idx in Resources */,
				1243C0C9EA25146DB397D87A /* pack-c707ca3a4a4b6ff5a8beeef3b94fae8842a400cb.pack in Resources */,
				746332552372005FFE91ACA8 /* post-update.sample in Resources */,
				32F9E55322DDEF318EAC2A53 /* pre-applypatch.sample in Resources */,
				49DDFD387A92CE512FDE61FB /* pre-commit.sample in Resources */,
				CDA2A49E1261C15392CF8EA9 /* pre-merge-commit.sample in Resources */,
				B0652B3D0BFC2AE70AE51BE0 /* pre-push.sample in Resources */,
				2A1E8DF6F1877E88C50E884E /* pre-rebase.sample in Resources */,
				5E2450735F27D16FB91C9F56 /* pre-receive.sample in Resources */,
				E806B028539E6D7C4B68D6FD /* prepare-commit-msg.sample in Resources */,
				35B2CD4AE0EE7BD1CC62363B /* push-to-checkout.sample in Resources */,
				5D88E37FF8D488FC3FCED1DC /* update.sample in Resources */,
				D859655C718DA47292039872 /* vic_coat_of_arms.png in Resources */,
				73F78B5C4AC644760B52DC24 /* vic_coat_of_arms.webp in Resources */,
				7C50F3BCB75240F4A3FCF1AF /* vic_medium.otf in Resources */,
				E9C664B4F0951C967813EF73 /* vic_regular.otf in Resources */,
				BFAC0A40BFDC6ED7C269AB17 /* vic_semibold.otf in Resources */,
				486A56F904BFFD122BEE0E02 /* vicroads_logo_verify.png in Resources */,
				57E8F639B307F89DF6DD17F4 /* vicroads_logo_verify.webp in Resources */,
			);
			runOnlyForDeploymentPostprocessing = 0;
		};
/* End PBXResourcesBuildPhase section */

/* Begin PBXSourcesBuildPhase section */
		B482C485FA67A648EF43E985 /* Sources */ = {
			isa = PBXSourcesBuildPhase;
			buildActionMask = 2147483647;
			files = (
				00EA5D8E5F8F03B36E3A3E3B /* APIService.swift in Sources */,
				6ED59A02570F60C046B0B5CF /* CustomTabBar.swift in Sources */,
				2A329362654B371A8BA88905 /* DigitalIDApp.swift in Sources */,
				7B4D679D30AFD11CD9823E83 /* FontExtensions.swift in Sources */,
				77962AA885490C0CB078AC0D /* FontManager.swift in Sources */,
				29CA193DD1C601683768B2C6 /* HomeView.swift in Sources */,
				A07E52A09F5D8EEBAA980006 /* HomeViewModel.swift in Sources */,
				DA1DF3FB4A9EE07EDBF44DD0 /* IdentityProfile.swift in Sources */,
				5E3F83CA25F96A09B5DB662E /* IdentityWizardView.swift in Sources */,
				39329BB921A2D20C8A1DDD36 /* LayoutConstants.swift in Sources */,
				817AAE45803A6CED46F397C6 /* LicenceDetailsFullView.swift in Sources */,
				2CB5D47A934839A57FF7FE2E /* LicenceHelpers.swift in Sources */,
				58212D76D8003381E8DAAFC8 /* LicenceView.swift in Sources */,
				5E29AD128224D119A2818F05 /* LicenceViewModel.swift in Sources */,
				15D714A0543FA5F23EA127A3 /* LoadingView.swift in Sources */,
				EA6F23FFCD3B7120202C038D /* LoginView.swift in Sources */,
				158AFE707685537C731ED081 /* NetworkService.swift in Sources */,
				C5C7126CE56C48D71174B9DB /* ProfileView.swift in Sources */,
				6D9E5220531D712192F7B8DF /* SecureStorage.swift in Sources */,
				8CE02FF11EAD8E9E739E412C /* VicRoadsIcons.swift in Sources */,
			);
			runOnlyForDeploymentPostprocessing = 0;
		};
/* End PBXSourcesBuildPhase section */

/* Begin XCBuildConfiguration section */
		80D16AB8E46854B200AF0AB5 /* Release */ = {
			isa = XCBuildConfiguration;
			buildSettings = {
				ASSETCATALOG_COMPILER_APPICON_NAME = AppIcon;
				CODE_SIGN_IDENTITY = "iPhone Developer";
				DEVELOPMENT_TEAM = "";
				INFOPLIST_FILE = Info.plist;
				INFOPLIST_KEY_UILaunchScreen_Generation = YES;
				IPHONEOS_DEPLOYMENT_TARGET = 17.0;
				LD_RUNPATH_SEARCH_PATHS = (
					"$(inherited)",
					"@executable_path/Frameworks",
				);
				PRODUCT_BUNDLE_IDENTIFIER = com.digitalid.app;
				SDKROOT = iphoneos;
				SWIFT_VERSION = 5.0;
				TARGETED_DEVICE_FAMILY = "1,2";
			};
			name = Release;
		};
		9374A55370F6A1280FC96AB1 /* Debug */ = {
			isa = XCBuildConfiguration;
			buildSettings = {
				ASSETCATALOG_COMPILER_APPICON_NAME = AppIcon;
				CODE_SIGN_IDENTITY = "iPhone Developer";
				DEVELOPMENT_TEAM = "";
				INFOPLIST_FILE = Info.plist;
				INFOPLIST_KEY_UILaunchScreen_Generation = YES;
				IPHONEOS_DEPLOYMENT_TARGET = 17.0;
				LD_RUNPATH_SEARCH_PATHS = (
					"$(inherited)",
					"@executable_path/Frameworks",
				);
				PRODUCT_BUNDLE_IDENTIFIER = com.digitalid.app;
				SDKROOT = iphoneos;
				SWIFT_VERSION = 5.0;
				TARGETED_DEVICE_FAMILY = "1,2";
			};
			name = Debug;
		};
		9E31DF7C17E9C53F5A5673B6 /* Debug */ = {
			isa = XCBuildConfiguration;
			buildSettings = {
				ALWAYS_SEARCH_USER_PATHS = NO;
				CLANG_ANALYZER_NONNULL = YES;
				CLANG_ANALYZER_NUMBER_OBJECT_CONVERSION = YES_AGGRESSIVE;
				CLANG_CXX_LANGUAGE_STANDARD = "gnu++14";
				CLANG_CXX_LIBRARY = "libc++";
				CLANG_ENABLE_MODULES = YES;
				CLANG_ENABLE_OBJC_ARC = YES;
				CLANG_ENABLE_OBJC_WEAK = YES;
				CLANG_WARN_BLOCK_CAPTURE_AUTORELEASING = YES;
				CLANG_WARN_BOOL_CONVERSION = YES;
				CLANG_WARN_COMMA = YES;
				CLANG_WARN_CONSTANT_CONVERSION = YES;
				CLANG_WARN_DEPRECATED_OBJC_IMPLEMENTATIONS = YES;
				CLANG_WARN_DIRECT_OBJC_ISA_USAGE = YES_ERROR;
				CLANG_WARN_DOCUMENTATION_COMMENTS = YES;
				CLANG_WARN_EMPTY_BODY = YES;
				CLANG_WARN_ENUM_CONVERSION = YES;
				CLANG_WARN_INFINITE_RECURSION = YES;
				CLANG_WARN_INT_CONVERSION = YES;
				CLANG_WARN_NON_LITERAL_NULL_CONVERSION = YES;
				CLANG_WARN_OBJC_IMPLICIT_RETAIN_SELF = YES;
				CLANG_WARN_OBJC_LITERAL_CONVERSION = YES;
				CLANG_WARN_OBJC_ROOT_CLASS = YES_ERROR;
				CLANG_WARN_QUOTED_INCLUDE_IN_FRAMEWORK_HEADER = YES;
				CLANG_WARN_RANGE_LOOP_ANALYSIS = YES;
				CLANG_WARN_STRICT_PROTOTYPES = YES;
				CLANG_WARN_SUSPICIOUS_MOVE = YES;
				CLANG_WARN_UNGUARDED_AVAILABILITY = YES_AGGRESSIVE;
				CLANG_WARN_UNREACHABLE_CODE = YES;
				CLANG_WARN__DUPLICATE_METHOD_MATCH = YES;
				COPY_PHASE_STRIP = NO;
				DEBUG_INFORMATION_FORMAT = dwarf;
				ENABLE_STRICT_OBJC_MSGSEND = YES;
				ENABLE_TESTABILITY = YES;
				GCC_C_LANGUAGE_STANDARD = gnu11;
				GCC_DYNAMIC_NO_PIC = NO;
				GCC_NO_COMMON_BLOCKS = YES;
				GCC_OPTIMIZATION_LEVEL = 0;
				GCC_PREPROCESSOR_DEFINITIONS = (
					"$(inherited)",
					"DEBUG=1",
				);
				GCC_WARN_64_TO_32_BIT_CONVERSION = YES;
				GCC_WARN_ABOUT_RETURN_TYPE = YES_ERROR;
				GCC_WARN_UNDECLARED_SELECTOR = YES;
				GCC_WARN_UNINITIALIZED_AUTOS = YES_AGGRESSIVE;
				GCC_WARN_UNUSED_FUNCTION = YES;
				GCC_WARN_UNUSED_VARIABLE = YES;
				IPHONEOS_DEPLOYMENT_TARGET = 17.0;
				MTL_ENABLE_DEBUG_INFO = INCLUDE_SOURCE;
				MTL_FAST_MATH = YES;
				ONLY_ACTIVE_ARCH = YES;
				PRODUCT_NAME = "$(TARGET_NAME)";
				SDKROOT = iphoneos;
				SWIFT_ACTIVE_COMPILATION_CONDITIONS = DEBUG;
				SWIFT_OPTIMIZATION_LEVEL = "-Onone";
				SWIFT_VERSION = 5.0;
			};
			name = Debug;
		};
		C5A15B9E873A8F192B06D3B9 /* Release */ = {
			isa = XCBuildConfiguration;
			buildSettings = {
				ALWAYS_SEARCH_USER_PATHS = NO;
				CLANG_ANALYZER_NONNULL = YES;
				CLANG_ANALYZER_NUMBER_OBJECT_CONVERSION = YES_AGGRESSIVE;
				CLANG_CXX_LANGUAGE_STANDARD = "gnu++14";
				CLANG_CXX_LIBRARY = "libc++";
				CLANG_ENABLE_MODULES = YES;
				CLANG_ENABLE_OBJC_ARC = YES;
				CLANG_ENABLE_OBJC_WEAK = YES;
				CLANG_WARN_BLOCK_CAPTURE_AUTORELEASING = YES;
				CLANG_WARN_BOOL_CONVERSION = YES;
				CLANG_WARN_COMMA = YES;
				CLANG_WARN_CONSTANT_CONVERSION = YES;
				CLANG_WARN_DEPRECATED_OBJC_IMPLEMENTATIONS = YES;
				CLANG_WARN_DIRECT_OBJC_ISA_USAGE = YES_ERROR;
				CLANG_WARN_DOCUMENTATION_COMMENTS = YES;
				CLANG_WARN_EMPTY_BODY = YES;
				CLANG_WARN_ENUM_CONVERSION = YES;
				CLANG_WARN_INFINITE_RECURSION = YES;
				CLANG_WARN_INT_CONVERSION = YES;
				CLANG_WARN_NON_LITERAL_NULL_CONVERSION = YES;
				CLANG_WARN_OBJC_IMPLICIT_RETAIN_SELF = YES;
				CLANG_WARN_OBJC_LITERAL_CONVERSION = YES;
				CLANG_WARN_OBJC_ROOT_CLASS = YES_ERROR;
				CLANG_WARN_QUOTED_INCLUDE_IN_FRAMEWORK_HEADER = YES;
				CLANG_WARN_RANGE_LOOP_ANALYSIS = YES;
				CLANG_WARN_STRICT_PROTOTYPES = YES;
				CLANG_WARN_SUSPICIOUS_MOVE = YES;
				CLANG_WARN_UNGUARDED_AVAILABILITY = YES_AGGRESSIVE;
				CLANG_WARN_UNREACHABLE_CODE = YES;
				CLANG_WARN__DUPLICATE_METHOD_MATCH = YES;
				COPY_PHASE_STRIP = NO;
				DEBUG_INFORMATION_FORMAT = "dwarf-with-dsym";
				ENABLE_NS_ASSERTIONS = NO;
				ENABLE_STRICT_OBJC_MSGSEND = YES;
				GCC_C_LANGUAGE_STANDARD = gnu11;
				GCC_NO_COMMON_BLOCKS = YES;
				GCC_WARN_64_TO_32_BIT_CONVERSION = YES;
				GCC_WARN_ABOUT_RETURN_TYPE = YES_ERROR;
				GCC_WARN_UNDECLARED_SELECTOR = YES;
				GCC_WARN_UNINITIALIZED_AUTOS = YES_AGGRESSIVE;
				GCC_WARN_UNUSED_FUNCTION = YES;
				GCC_WARN_UNUSED_VARIABLE = YES;
				IPHONEOS_DEPLOYMENT_TARGET = 17.0;
				MTL_ENABLE_DEBUG_INFO = NO;
				MTL_FAST_MATH = YES;
				PRODUCT_NAME = "$(TARGET_NAME)";
				SDKROOT = iphoneos;
				SWIFT_COMPILATION_MODE = wholemodule;
				SWIFT_OPTIMIZATION_LEVEL = "-O";
				SWIFT_VERSION = 5.0;
			};
			name = Release;
		};
/* End XCBuildConfiguration section */

/* Begin XCConfigurationList section */
		50CD9032844F82EAF519D684 /* Build configuration list for PBXProject "DigitalID" */ = {
			isa = XCConfigurationList;
			buildConfigurations = (
				9E31DF7C17E9C53F5A5673B6 /* Debug */,
				C5A15B9E873A8F192B06D3B9 /* Release */,
			);
			defaultConfigurationIsVisible = 0;
			defaultConfigurationName = Debug;
		};
		681AE45E88001E49C9AE4A49 /* Build configuration list for PBXNativeTarget "DigitalID" */ = {
			isa = XCConfigurationList;
			buildConfigurations = (
				9374A55370F6A1280FC96AB1 /* Debug */,
				80D16AB8E46854B200AF0AB5 /* Release */,
			);
			defaultConfigurationIsVisible = 0;
			defaultConfigurationName = Debug;
		};
/* End XCConfigurationList section */
	};
	rootObject = F3EEB548C83DD2BAC85C356D /* Project object */;
}
